
Microsoft Visual Studio Solution File, Format Version 12.00
# Visual Studio Version 17
VisualStudioVersion = 17.2.32526.322
MinimumVisualStudioVersion = 10.0.40219.1
Project("{FAE04EC0-301F-11D3-BF4B-00C04F79EFBC}") = "HelloMcp.Server", "HelloMcp.Server\HelloMcp.Server.csproj", "{D46A3DBA-E95A-49F0-95DA-C71B6601787A}"
EndProject
Global
	GlobalSection(SolutionConfigurationPlatforms) = preSolution
		Debug|Any CPU = Debug|Any CPU
		Release|Any CPU = Release|Any CPU
	EndGlobalSection
	GlobalSection(ProjectConfigurationPlatforms) = postSolution
		{D46A3DBA-E95A-49F0-95DA-C71B6601787A}.Debug|Any CPU.ActiveCfg = Debug|Any CPU
		{D46A3DBA-E95A-49F0-95DA-C71B6601787A}.Debug|Any CPU.Build.0 = Debug|Any CPU
		{D46A3DBA-E95A-49F0-95DA-C71B6601787A}.Release|Any CPU.ActiveCfg = Release|Any CPU
		{D46A3DBA-E95A-49F0-95DA-C71B6601787A}.Release|Any CPU.Build.0 = Release|Any CPU
	EndGlobalSection
	GlobalSection(SolutionProperties) = preSolution
		HideSolutionNode = FALSE
	EndGlobalSection
	GlobalSection(ExtensibilityGlobals) = postSolution
		SolutionGuid = {1BF5AD36-EFAE-4EDD-B1D0-458D4F640287}
	EndGlobalSection
EndGlobal
